#
# This file is autogenerated by pip-compile with Python 3.12
# by the following command:
#
#    pip-compile --extra=dev --no-index --output-file=requirements-dev.lock --strip-extras pyproject.toml
#
alembic==1.20.0
    # via docintel-api (pyproject.toml)
annotated-doc==0.0.5
    # via fastapi
annotated-types==0.8.0
    # via pydantic
anyio==4.15.1
    # via
    #   httpx
    #   openai
    #   starlette
    #   watchfiles
asyncpg==0.31.0
    # via docintel-api (pyproject.toml)
certifi==2026.7.22
    # via
    #   httpcore
    #   httpx
click==8.5.0
    # via uvicorn
distro==1.9.0
    # via openai
fastapi==0.141.1
    # via docintel-api (pyproject.toml)
greenlet==3.5.6
    # via sqlalchemy
h11==0.16.0
    # via
    #   httpcore
    #   uvicorn
httpcore==1.0.9
    # via httpx
httptools==0.8.0
    # via uvicorn
httpx==0.28.1
    # via
    #   docintel-api (pyproject.toml)
    #   openai
idna==3.20
    # via
    #   anyio
    #   httpx
iniconfig==2.3.0
    # via pytest
jiter==0.17.0
    # via openai
librt==0.15.0
    # via mypy
lxml==6.1.3
    # via python-docx
mako==1.4.3
    # via alembic
markupsafe==3.0.3
    # via mako
mypy==1.20.2
    # via docintel-api (pyproject.toml)
mypy-extensions==1.1.0
    # via mypy
openai==2.54.0
    # via docintel-api (pyproject.toml)
packaging==26.3
    # via pytest
pathspec==1.1.1
    # via mypy
pgvector==0.5.0
    # via docintel-api (pyproject.toml)
pluggy==1.6.0
    # via pytest
pydantic==2.13.5
    # via
    #   fastapi
    #   openai
    #   pydantic-settings
pydantic-core==2.46.5
    # via pydantic
pydantic-settings==2.15.0
    # via docintel-api (pyproject.toml)
pygments==2.21.0
    # via pytest
pymupdf==1.28.2
    # via docintel-api (pyproject.toml)
pytest==9.1.1
    # via
    #   docintel-api (pyproject.toml)
    #   pytest-asyncio
pytest-asyncio==1.4.0
    # via docintel-api (pyproject.toml)
python-docx==1.2.0
    # via docintel-api (pyproject.toml)
python-dotenv==1.2.3
    # via
    #   pydantic-settings
    #   uvicorn
python-multipart==0.0.32
    # via docintel-api (pyproject.toml)
pyyaml==6.0.3
    # via uvicorn
ruff==0.16.9
    # via docintel-api (pyproject.toml)
sniffio==1.3.1
    # via openai
sqlalchemy==2.0.54
    # via
    #   alembic
    #   docintel-api (pyproject.toml)
starlette==1.7.0
    # via fastapi
tqdm==4.70.1
    # via openai
typing-extensions==4.16.0
    # via
    #   alembic
    #   anyio
    #   fastapi
    #   mypy
    #   openai
    #   pydantic
    #   pydantic-core
    #   pytest-asyncio
    #   python-docx
    #   sqlalchemy
    #   starlette
    #   typing-inspection
typing-inspection==0.4.4
    # via
    #   fastapi
    #   pydantic
    #   pydantic-settings
uvicorn==0.54.0
    # via docintel-api (pyproject.toml)
uvloop==0.22.1
    # via uvicorn
watchfiles==1.3.0
    # via uvicorn
websockets==17.1
    # via uvicorn
